
Microsoft Visual Studio Solution File, Format Version 12.00
# Visual Studio 15
VisualStudioVersion = 15.0.28010.2048
MinimumVisualStudioVersion = 10.0.40219.1
Project("{FAE04EC0-301F-11D3-BF4B-00C04F79EFBC}") = "Hello world", "Hello world\Hello world.csproj", "{4C9F3282-DE50-4A70-AEB4-7EC4E7A2FF73}"
EndProject
Project("{FAE04EC0-301F-11D3-BF4B-00C04F79EFBC}") = "Hello world 2", "Hello world 2\Hello world 2.csproj", "{ABD82AF4-F445-4943-BD81-0F442BE346ED}"
EndProject
Global
	GlobalSection(SolutionConfigurationPlatforms) = preSolution
		Debug|Any CPU = Debug|Any CPU
		Release|Any CPU = Release|Any CPU
	EndGlobalSection
	GlobalSection(ProjectConfigurationPlatforms) = postSolution
		{4C9F3282-DE50-4A70-AEB4-7EC4E7A2FF73}.Debug|Any CPU.ActiveCfg = Debug|Any CPU
		{4C9F3282-DE50-4A70-AEB4-7EC4E7A2FF73}.Debug|Any CPU.Build.0 = Debug|Any CPU
		{4C9F3282-DE50-4A70-AEB4-7EC4E7A2FF73}.Release|Any CPU.ActiveCfg = Release|Any CPU
		{4C9F3282-DE50-4A70-AEB4-7EC4E7A2FF73}.Release|Any CPU.Build.0 = Release|Any CPU
		{ABD82AF4-F445-4943-BD81-0F442BE346ED}.Debug|Any CPU.ActiveCfg = Debug|Any CPU
		{ABD82AF4-F445-4943-BD81-0F442BE346ED}.Debug|Any CPU.Build.0 = Debug|Any CPU
		{ABD82AF4-F445-4943-BD81-0F442BE346ED}.Release|Any CPU.ActiveCfg = Release|Any CPU
		{ABD82AF4-F445-4943-BD81-0F442BE346ED}.Release|Any CPU.Build.0 = Release|Any CPU
	EndGlobalSection
	GlobalSection(SolutionProperties) = preSolution
		HideSolutionNode = FALSE
	EndGlobalSection
	GlobalSection(ExtensibilityGlobals) = postSolution
		SolutionGuid = {E17F773B-D764-4EA4-AF81-EB1C5BEA5522}
	EndGlobalSection
EndGlobal
